// !$*UTF8*$!
{
	archiveVersion = 1;
	classes = {
	};
	objectVersion = 56;
	objects = {

/* Begin PBXBuildFile section */
		6C0EA85B2BD5E836008E69A0 /* WordleApp.swift in Sources */ = {isa = PBXBuildFile; fileRef = 6C0EA85A2BD5E836008E69A0 /* WordleApp.swift */; };
		6C0EA85D2BD5E836008E69A0 /* GameView.swift in Sources */ = {isa = PBXBuildFile; fileRef = 6C0EA85C2BD5E836008E69A0 /* GameView.swift */; };
		6C0EA86C2BD5E885008E69A0 /* Assets.xcassets in Resources */ = {isa = PBXBuildFile; fileRef = 6C0EA86A2BD5E885008E69A0 /* Assets.xcassets */; };
		6C0EA86F2BD5E8C1008E69A0 /* Launch Screen.storyboard in Resources */ = {isa = PBXBuildFile; fileRef = 6C0EA86E2BD5E8C1008E69A0 /* Launch Screen.storyboard */; };
		6C0EA8722BD5ED70008E69A0 /* Guess.swift in Sources */ = {isa = PBXBuildFile; fileRef = 6C0EA8712BD5ED70008E69A0 /* Guess.swift */; };
		6C0EA8752BD5EE09008E69A0 /* GuessView.swift in Sources */ = {isa = PBXBuildFile; fileRef = 6C0EA8742BD5EE09008E69A0 /* GuessView.swift */; };
		6C0EA8782BD5EF14008E69A0 /* Color+Extension.swift in Sources */ = {isa = PBXBuildFile; fileRef = 6C0EA8772BD5EF14008E69A0 /* Color+Extension.swift */; };
		6C0EA87D2BD5F429008E69A0 /* Global.swift in Sources */ = {isa = PBXBuildFile; fileRef = 6C0EA87C2BD5F429008E69A0 /* Global.swift */; };
		6C0EA8842BD5FD22008E69A0 /* WordleDataModel.swift in Sources */ = {isa = PBXBuildFile; fileRef = 6C0EA8832BD5FD22008E69A0 /* WordleDataModel.swift */; };
		6C0EA8862BD5FD78008E69A0 /* LetterButtonView.swift in Sources */ = {isa = PBXBuildFile; fileRef = 6C0EA8852BD5FD78008E69A0 /* LetterButtonView.swift */; };
		6C0EA8882BD5FF4A008E69A0 /* Keyboard.swift in Sources */ = {isa = PBXBuildFile; fileRef = 6C0EA8872BD5FF4A008E69A0 /* Keyboard.swift */; };
		6C0EA88B2BD60CE1008E69A0 /* Shake.swift in Sources */ = {isa = PBXBuildFile; fileRef = 6C0EA88A2BD60CE1008E69A0 /* Shake.swift */; };
		6C0EA88D2BD61B08008E69A0 /* FlipView.swift in Sources */ = {isa = PBXBuildFile; fileRef = 6C0EA88C2BD61B08008E69A0 /* FlipView.swift */; };
/* End PBXBuildFile section */

/* Begin PBXFileReference section */
		6C0EA8572BD5E836008E69A0 /* Wordle.app */ = {isa = PBXFileReference; explicitFileType = wrapper.application; includeInIndex = 0; path = Wordle.app; sourceTree = BUILT_PRODUCTS_DIR; };
		6C0EA85A2BD5E836008E69A0 /* WordleApp.swift */ = {isa = PBXFileReference; lastKnownFileType = sourcecode.swift; path = WordleApp.swift; sourceTree = "<group>"; };
		6C0EA85C2BD5E836008E69A0 /* GameView.swift */ = {isa = PBXFileReference; lastKnownFileType = sourcecode.swift; path = GameView.swift; sourceTree = "<group>"; };
		6C0EA86A2BD5E885008E69A0 /* Assets.xcassets */ = {isa = PBXFileReference; lastKnownFileType = folder.assetcatalog; name = Assets.xcassets; path = ../../../../../../Downloads/Resources/Assets.xcassets; sourceTree = "<group>"; };
		6C0EA86E2BD5E8C1008E69A0 /* Launch Screen.storyboard */ = {isa = PBXFileReference; lastKnownFileType = file.storyboard; path = "Launch Screen.storyboard"; sourceTree = "<group>"; };
		6C0EA8712BD5ED70008E69A0 /* Guess.swift */ = {isa = PBXFileReference; lastKnownFileType = sourcecode.swift; path = Guess.swift; sourceTree = "<group>"; };
		6C0EA8742BD5EE09008E69A0 /* GuessView.swift */ = {isa = PBXFileReference; lastKnownFileType = sourcecode.swift; path = GuessView.swift; sourceTree = "<group>"; };
		6C0EA8772BD5EF14008E69A0 /* Color+Extension.swift */ = {isa = PBXFileReference; lastKnownFileType = sourcecode.swift; path = "Color+Extension.swift"; sourceTree = "<group>"; };
		6C0EA87C2BD5F429008E69A0 /* Global.swift */ = {isa = PBXFileReference; lastKnownFileType = sourcecode.swift; path = Global.swift; sourceTree = "<group>"; };
		6C0EA8832BD5FD22008E69A0 /* WordleDataModel.swift */ = {isa = PBXFileReference; lastKnownFileType = sourcecode.swift; path = WordleDataModel.swift; sourceTree = "<group>"; };
		6C0EA8852BD5FD78008E69A0 /* LetterButtonView.swift */ = {isa = PBXFileReference; lastKnownFileType = sourcecode.swift; path = LetterButtonView.swift; sourceTree = "<group>"; };
		6C0EA8872BD5FF4A008E69A0 /* Keyboard.swift */ = {isa = PBXFileReference; lastKnownFileType = sourcecode.swift; path = Keyboard.swift; sourceTree = "<group>"; };
		6C0EA88A2BD60CE1008E69A0 /* Shake.swift */ = {isa = PBXFileReference; lastKnownFileType = sourcecode.swift; path = Shake.swift; sourceTree = "<group>"; };
		6C0EA88C2BD61B08008E69A0 /* FlipView.swift */ = {isa = PBXFileReference; lastKnownFileType = sourcecode.swift; path = FlipView.swift; sourceTree = "<group>"; };
/* End PBXFileReference section */

/* Begin PBXFrameworksBuildPhase section */
		6C0EA8542BD5E836008E69A0 /* Frameworks */ = {
			isa = PBXFrameworksBuildPhase;
			buildActionMask = 2147483647;
			files = (
			);
			runOnlyForDeploymentPostprocessing = 0;
		};
/* End PBXFrameworksBuildPhase section */

/* Begin PBXGroup section */
		6C0EA84E2BD5E836008E69A0 = {
			isa = PBXGroup;
			children = (
				6C0EA8592BD5E836008E69A0 /* Wordle */,
				6C0EA8582BD5E836008E69A0 /* Products */,
			);
			sourceTree = "<group>";
		};
		6C0EA8582BD5E836008E69A0 /* Products */ = {
			isa = PBXGroup;
			children = (
				6C0EA8572BD5E836008E69A0 /* Wordle.app */,
			);
			name = Products;
			sourceTree = "<group>";
		};
		6C0EA8592BD5E836008E69A0 /* Wordle */ = {
			isa = PBXGroup;
			children = (
				6C0EA85A2BD5E836008E69A0 /* WordleApp.swift */,
				6C0EA8732BD5EDFA008E69A0 /* Views */,
				6C0EA8702BD5ED65008E69A0 /* Models */,
				6C0EA8792BD5F354008E69A0 /* ViewModels */,
				6C0EA8892BD60CC9008E69A0 /* Animations */,
				6C0EA8762BD5EEFB008E69A0 /* Extensions */,
				6C0EA86A2BD5E885008E69A0 /* Assets.xcassets */,
				6C0EA86E2BD5E8C1008E69A0 /* Launch Screen.storyboard */,
				6C0EA8602BD5E837008E69A0 /* Preview Content */,
			);
			path = Wordle;
			sourceTree = "<group>";
		};
		6C0EA8602BD5E837008E69A0 /* Preview Content */ = {
			isa = PBXGroup;
			children = (
			);
			path = "Preview Content";
			sourceTree = "<group>";
		};
		6C0EA8702BD5ED65008E69A0 /* Models */ = {
			isa = PBXGroup;
			children = (
				6C0EA8712BD5ED70008E69A0 /* Guess.swift */,
				6C0EA87C2BD5F429008E69A0 /* Global.swift */,
			);
			path = Models;
			sourceTree = "<group>";
		};
		6C0EA8732BD5EDFA008E69A0 /* Views */ = {
			isa = PBXGroup;
			children = (
				6C0EA85C2BD5E836008E69A0 /* GameView.swift */,
				6C0EA8742BD5EE09008E69A0 /* GuessView.swift */,
				6C0EA8852BD5FD78008E69A0 /* LetterButtonView.swift */,
				6C0EA8872BD5FF4A008E69A0 /* Keyboard.swift */,
			);
			path = Views;
			sourceTree = "<group>";
		};
		6C0EA8762BD5EEFB008E69A0 /* Extensions */ = {
			isa = PBXGroup;
			children = (
				6C0EA8772BD5EF14008E69A0 /* Color+Extension.swift */,
			);
			path = Extensions;
			sourceTree = "<group>";
		};
		6C0EA8792BD5F354008E69A0 /* ViewModels */ = {
			isa = PBXGroup;
			children = (
				6C0EA8832BD5FD22008E69A0 /* WordleDataModel.swift */,
			);
			path = ViewModels;
			sourceTree = "<group>";
		};
		6C0EA8892BD60CC9008E69A0 /* Animations */ = {
			isa = PBXGroup;
			children = (
				6C0EA88A2BD60CE1008E69A0 /* Shake.swift */,
				6C0EA88C2BD61B08008E69A0 /* FlipView.swift */,
			);
			name = Animations;
			sourceTree = "<group>";
		};
/* End PBXGroup section */

/* Begin PBXNativeTarget section */
		6C0EA8562BD5E836008E69A0 /* Wordle */ = {
			isa = PBXNativeTarget;
			buildConfigurationList = 6C0EA8652BD5E837008E69A0 /* Build configuration list for PBXNativeTarget "Wordle" */;
			buildPhases = (
				6C0EA8532BD5E836008E69A0 /* Sources */,
				6C0EA8542BD5E836008E69A0 /* Frameworks */,
				6C0EA8552BD5E836008E69A0 /* Resources */,
			);
			buildRules = (
			);
			dependencies = (
			);
			name = Wordle;
			productName = Wordle;
			productReference = 6C0EA8572BD5E836008E69A0 /* Wordle.app */;
			productType = "com.apple.product-type.application";
		};
/* End PBXNativeTarget section */

/* Begin PBXProject section */
		6C0EA84F2BD5E836008E69A0 /* Project object */ = {
			isa = PBXProject;
			attributes = {
				BuildIndependentTargetsInParallel = 1;
				LastSwiftUpdateCheck = 1530;
				LastUpgradeCheck = 1530;
				TargetAttributes = {
					6C0EA8562BD5E836008E69A0 = {
						CreatedOnToolsVersion = 15.3;
					};
				};
			};
			buildConfigurationList = 6C0EA8522BD5E836008E69A0 /* Build configuration list for PBXProject "Wordle" */;
			compatibilityVersion = "Xcode 14.0";
			developmentRegion = en;
			hasScannedForEncodings = 0;
			knownRegions = (
				en,
				Base,
			);
			mainGroup = 6C0EA84E2BD5E836008E69A0;
			productRefGroup = 6C0EA8582BD5E836008E69A0 /* Products */;
			projectDirPath = "";
			projectRoot = "";
			targets = (
				6C0EA8562BD5E836008E69A0 /* Wordle */,
			);
		};
/* End PBXProject section */

/* Begin PBXResourcesBuildPhase section */
		6C0EA8552BD5E836008E69A0 /* Resources */ = {
			isa = PBXResourcesBuildPhase;
			buildActionMask = 2147483647;
			files = (
				6C0EA86F2BD5E8C1008E69A0 /* Launch Screen.storyboard in Resources */,
				6C0EA86C2BD5E885008E69A0 /* Assets.xcassets in Resources */,
			);
			runOnlyForDeploymentPostprocessing = 0;
		};
/* End PBXResourcesBuildPhase section */

/* Begin PBXSourcesBuildPhase section */
		6C0EA8532BD5E836008E69A0 /* Sources */ = {
			isa = PBXSourcesBuildPhase;
			buildActionMask = 2147483647;
			files = (
				6C0EA8862BD5FD78008E69A0 /* LetterButtonView.swift in Sources */,
				6C0EA88D2BD61B08008E69A0 /* FlipView.swift in Sources */,
				6C0EA8842BD5FD22008E69A0 /* WordleDataModel.swift in Sources */,
				6C0EA8752BD5EE09008E69A0 /* GuessView.swift in Sources */,
				6C0EA8782BD5EF14008E69A0 /* Color+Extension.swift in Sources */,
				6C0EA8882BD5FF4A008E69A0 /* Keyboard.swift in Sources */,
				6C0EA85D2BD5E836008E69A0 /* GameView.swift in Sources */,
				6C0EA88B2BD60CE1008E69A0 /* Shake.swift in Sources */,
				6C0EA85B2BD5E836008E69A0 /* WordleApp.swift in Sources */,
				6C0EA8722BD5ED70008E69A0 /* Guess.swift in Sources */,
				6C0EA87D2BD5F429008E69A0 /* Global.swift in Sources */,
			);
			runOnlyForDeploymentPostprocessing = 0;
		};
/* End PBXSourcesBuildPhase section */

/* Begin XCBuildConfiguration section */
		6C0EA8632BD5E837008E69A0 /* Debug */ = {
			isa = XCBuildConfiguration;
			buildSettings = {
				ALWAYS_SEARCH_USER_PATHS = NO;
				ASSETCATALOG_COMPILER_GENERATE_SWIFT_ASSET_SYMBOL_EXTENSIONS = YES;
				CLANG_ANALYZER_NONNULL = YES;
				CLANG_ANALYZER_NUMBER_OBJECT_CONVERSION = YES_AGGRESSIVE;
				CLANG_CXX_LANGUAGE_STANDARD = "gnu++20";
				CLANG_ENABLE_MODULES = YES;
				CLANG_ENABLE_OBJC_ARC = YES;
				CLANG_ENABLE_OBJC_WEAK = YES;
				CLANG_WARN_BLOCK_CAPTURE_AUTORELEASING = YES;
				CLANG_WARN_BOOL_CONVERSION = YES;
				CLANG_WARN_COMMA = YES;
				CLANG_WARN_CONSTANT_CONVERSION = YES;
				CLANG_WARN_DEPRECATED_OBJC_IMPLEMENTATIONS = YES;
				CLANG_WARN_DIRECT_OBJC_ISA_USAGE = YES_ERROR;
				CLANG_WARN_DOCUMENTATION_COMMENTS = YES;
				CLANG_WARN_EMPTY_BODY = YES;
				CLANG_WARN_ENUM_CONVERSION = YES;
				CLANG_WARN_INFINITE_RECURSION = YES;
				CLANG_WARN_INT_CONVERSION = YES;
				CLANG_WARN_NON_LITERAL_NULL_CONVERSION = YES;
				CLANG_WARN_OBJC_IMPLICIT_RETAIN_SELF = YES;
				CLANG_WARN_OBJC_LITERAL_CONVERSION = YES;
				CLANG_WARN_OBJC_ROOT_CLASS = YES_ERROR;
				CLANG_WARN_QUOTED_INCLUDE_IN_FRAMEWORK_HEADER = YES;
				CLANG_WARN_RANGE_LOOP_ANALYSIS = YES;
				CLANG_WARN_STRICT_PROTOTYPES = YES;
				CLANG_WARN_SUSPICIOUS_MOVE = YES;
				CLANG_WARN_UNGUARDED_AVAILABILITY = YES_AGGRESSIVE;
				CLANG_WARN_UNREACHABLE_CODE = YES;
				CLANG_WARN__DUPLICATE_METHOD_MATCH = YES;
				COPY_PHASE_STRIP = NO;
				DEBUG_INFORMATION_FORMAT = dwarf;
				ENABLE_STRICT_OBJC_MSGSEND = YES;
				ENABLE_TESTABILITY = YES;
				ENABLE_USER_SCRIPT_SANDBOXING = YES;
				GCC_C_LANGUAGE_STANDARD = gnu17;
				GCC_DYNAMIC_NO_PIC = NO;
				GCC_NO_COMMON_BLOCKS = YES;
				GCC_OPTIMIZATION_LEVEL = 0;
				GCC_PREPROCESSOR_DEFINITIONS = (
					"DEBUG=1",
					"$(inherited)",
				);
				GCC_WARN_64_TO_32_BIT_CONVERSION = YES;
				GCC_WARN_ABOUT_RETURN_TYPE = YES_ERROR;
				GCC_WARN_UNDECLARED_SELECTOR = YES;
				GCC_WARN_UNINITIALIZED_AUTOS = YES_AGGRESSIVE;
				GCC_WARN_UNUSED_FUNCTION = YES;
				GCC_WARN_UNUSED_VARIABLE = YES;
				IPHONEOS_DEPLOYMENT_TARGET = 17.4;
				LOCALIZATION_PREFERS_STRING_CATALOGS = YES;
				MTL_ENABLE_DEBUG_INFO = INCLUDE_SOURCE;
				MTL_FAST_MATH = YES;
				ONLY_ACTIVE_ARCH = YES;
				SDKROOT = iphoneos;
				SWIFT_ACTIVE_COMPILATION_CONDITIONS = "DEBUG $(inherited)";
				SWIFT_OPTIMIZATION_LEVEL = "-Onone";
			};
			name = Debug;
		};
		6C0EA8642BD5E837008E69A0 /* Release */ = {
			isa = XCBuildConfiguration;
			buildSettings = {
				ALWAYS_SEARCH_USER_PATHS = NO;
				ASSETCATALOG_COMPILER_GENERATE_SWIFT_ASSET_SYMBOL_EXTENSIONS = YES;
				CLANG_ANALYZER_NONNULL = YES;
				CLANG_ANALYZER_NUMBER_OBJECT_CONVERSION = YES_AGGRESSIVE;
				CLANG_CXX_LANGUAGE_STANDARD = "gnu++20";
				CLANG_ENABLE_MODULES = YES;
				CLANG_ENABLE_OBJC_ARC = YES;
				CLANG_ENABLE_OBJC_WEAK = YES;
				CLANG_WARN_BLOCK_CAPTURE_AUTORELEASING = YES;
				CLANG_WARN_BOOL_CONVERSION = YES;
				CLANG_WARN_COMMA = YES;
				CLANG_WARN_CONSTANT_CONVERSION = YES;
				CLANG_WARN_DEPRECATED_OBJC_IMPLEMENTATIONS = YES;
				CLANG_WARN_DIRECT_OBJC_ISA_USAGE = YES_ERROR;
				CLANG_WARN_DOCUMENTATION_COMMENTS = YES;
				CLANG_WARN_EMPTY_BODY = YES;
				CLANG_WARN_ENUM_CONVERSION = YES;
				CLANG_WARN_INFINITE_RECURSION = YES;
				CLANG_WARN_INT_CONVERSION = YES;
				CLANG_WARN_NON_LITERAL_NULL_CONVERSION = YES;
				CLANG_WARN_OBJC_IMPLICIT_RETAIN_SELF = YES;
				CLANG_WARN_OBJC_LITERAL_CONVERSION = YES;
				CLANG_WARN_OBJC_ROOT_CLASS = YES_ERROR;
				CLANG_WARN_QUOTED_INCLUDE_IN_FRAMEWORK_HEADER = YES;
				CLANG_WARN_RANGE_LOOP_ANALYSIS = YES;
				CLANG_WARN_STRICT_PROTOTYPES = YES;
				CLANG_WARN_SUSPICIOUS_MOVE = YES;
				CLANG_WARN_UNGUARDED_AVAILABILITY = YES_AGGRESSIVE;
				CLANG_WARN_UNREACHABLE_CODE = YES;
				CLANG_WARN__DUPLICATE_METHOD_MATCH = YES;
				COPY_PHASE_STRIP = NO;
				DEBUG_INFORMATION_FORMAT = "dwarf-with-dsym";
				ENABLE_NS_ASSERTIONS = NO;
				ENABLE_STRICT_OBJC_MSGSEND = YES;
				ENABLE_USER_SCRIPT_SANDBOXING = YES;
				GCC_C_LANGUAGE_STANDARD = gnu17;
				GCC_NO_COMMON_BLOCKS = YES;
				GCC_WARN_64_TO_32_BIT_CONVERSION = YES;
				GCC_WARN_ABOUT_RETURN_TYPE = YES_ERROR;
				GCC_WARN_UNDECLARED_SELECTOR = YES;
				GCC_WARN_UNINITIALIZED_AUTOS = YES_AGGRESSIVE;
				GCC_WARN_UNUSED_FUNCTION = YES;
				GCC_WARN_UNUSED_VARIABLE = YES;
				IPHONEOS_DEPLOYMENT_TARGET = 17.4;
				LOCALIZATION_PREFERS_STRING_CATALOGS = YES;
				MTL_ENABLE_DEBUG_INFO = NO;
				MTL_FAST_MATH = YES;
				SDKROOT = iphoneos;
				SWIFT_COMPILATION_MODE = wholemodule;
				VALIDATE_PRODUCT = YES;
			};
			name = Release;
		};
		6C0EA8662BD5E837008E69A0 /* Debug */ = {
			isa = XCBuildConfiguration;
			buildSettings = {
				ASSETCATALOG_COMPILER_APPICON_NAME = AppIcon;
				ASSETCATALOG_COMPILER_GLOBAL_ACCENT_COLOR_NAME = AccentColor;
				CODE_SIGN_STYLE = Automatic;
				CURRENT_PROJECT_VERSION = 1;
				DEVELOPMENT_ASSET_PATHS = "\"Wordle/Preview Content\"";
				DEVELOPMENT_TEAM = 5776TXVSZ4;
				ENABLE_PREVIEWS = YES;
				GENERATE_INFOPLIST_FILE = YES;
				INFOPLIST_KEY_LSApplicationCategoryType = "";
				INFOPLIST_KEY_UIApplicationSceneManifest_Generation = YES;
				INFOPLIST_KEY_UIApplicationSupportsIndirectInputEvents = YES;
				INFOPLIST_KEY_UILaunchScreen_Generation = YES;
				INFOPLIST_KEY_UILaunchStoryboardName = "Launch Screen.storyboard";
				INFOPLIST_KEY_UIRequiresFullScreen = YES;
				INFOPLIST_KEY_UISupportedInterfaceOrientations_iPad = "UIInterfaceOrientationPortrait UIInterfaceOrientationPortraitUpsideDown UIInterfaceOrientationLandscapeLeft UIInterfaceOrientationLandscapeRight";
				INFOPLIST_KEY_UISupportedInterfaceOrientations_iPhone = UIInterfaceOrientationPortrait;
				LD_RUNPATH_SEARCH_PATHS = (
					"$(inherited)",
					"@executable_path/Frameworks",
				);
				MARKETING_VERSION = 1.0;
				PRODUCT_BUNDLE_IDENTIFIER = caitlinestrada.Wordle;
				PRODUCT_NAME = "$(TARGET_NAME)";
				SWIFT_EMIT_LOC_STRINGS = YES;
				SWIFT_VERSION = 5.0;
				TARGETED_DEVICE_FAMILY = "1,2";
			};
			name = Debug;
		};
		6C0EA8672BD5E837008E69A0 /* Release */ = {
			isa = XCBuildConfiguration;
			buildSettings = {
				ASSETCATALOG_COMPILER_APPICON_NAME = AppIcon;
				ASSETCATALOG_COMPILER_GLOBAL_ACCENT_COLOR_NAME = AccentColor;
				CODE_SIGN_STYLE = Automatic;
				CURRENT_PROJECT_VERSION = 1;
				DEVELOPMENT_ASSET_PATHS = "\"Wordle/Preview Content\"";
				DEVELOPMENT_TEAM = 5776TXVSZ4;
				ENABLE_PREVIEWS = YES;
				GENERATE_INFOPLIST_FILE = YES;
				INFOPLIST_KEY_LSApplicationCategoryType = "";
				INFOPLIST_KEY_UIApplicationSceneManifest_Generation = YES;
				INFOPLIST_KEY_UIApplicationSupportsIndirectInputEvents = YES;
				INFOPLIST_KEY_UILaunchScreen_Generation = YES;
				INFOPLIST_KEY_UILaunchStoryboardName = "Launch Screen.storyboard";
				INFOPLIST_KEY_UIRequiresFullScreen = YES;
				INFOPLIST_KEY_UISupportedInterfaceOrientations_iPad = "UIInterfaceOrientationPortrait UIInterfaceOrientationPortraitUpsideDown UIInterfaceOrientationLandscapeLeft UIInterfaceOrientationLandscapeRight";
				INFOPLIST_KEY_UISupportedInterfaceOrientations_iPhone = UIInterfaceOrientationPortrait;
				LD_RUNPATH_SEARCH_PATHS = (
					"$(inherited)",
					"@executable_path/Frameworks",
				);
				MARKETING_VERSION = 1.0;
				PRODUCT_BUNDLE_IDENTIFIER = caitlinestrada.Wordle;
				PRODUCT_NAME = "$(TARGET_NAME)";
				SWIFT_EMIT_LOC_STRINGS = YES;
				SWIFT_VERSION = 5.0;
				TARGETED_DEVICE_FAMILY = "1,2";
			};
			name = Release;
		};
/* End XCBuildConfiguration section */

/* Begin XCConfigurationList section */
		6C0EA8522BD5E836008E69A0 /* Build configuration list for PBXProject "Wordle" */ = {
			isa = XCConfigurationList;
			buildConfigurations = (
				6C0EA8632BD5E837008E69A0 /* Debug */,
				6C0EA8642BD5E837008E69A0 /* Release */,
			);
			defaultConfigurationIsVisible = 0;
			defaultConfigurationName = Release;
		};
		6C0EA8652BD5E837008E69A0 /* Build configuration list for PBXNativeTarget "Wordle" */ = {
			isa = XCConfigurationList;
			buildConfigurations = (
				6C0EA8662BD5E837008E69A0 /* Debug */,
				6C0EA8672BD5E837008E69A0 /* Release */,
			);
			defaultConfigurationIsVisible = 0;
			defaultConfigurationName = Release;
		};
/* End XCConfigurationList section */
	};
	rootObject = 6C0EA84F2BD5E836008E69A0 /* Project object */;
}
